{
  "name": "remote-uploader",
  "version": "1.1.1",
  "lockfileVersion": 2,
  "requires": true,
  "packages": {
    "": {
      "name": "remote-uploader",
      "version": "1.1.1",
      "license": "ISC",
      "dependencies": {
        "espruino-ble-uart": "^1.0.3"
      }
    },
    "node_modules/espruino-ble-uart": {
      "version": "1.0.3",
      "resolved": "https://registry.npmjs.org/espruino-ble-uart/-/espruino-ble-uart-1.0.3.tgz",
      "integrity": "sha512-aMAo1zOG21SYe3Q/Qvy+641ut8EBhz15jmock7jdQ7oVmk++9KfmGcbi8UbDPfax99lrbD7iA6hLULmZZcbt4w=="
    }
  },
  "dependencies": {
    "espruino-ble-uart": {
      "version": "1.0.3",
      "resolved": "https://registry.npmjs.org/espruino-ble-uart/-/espruino-ble-uart-1.0.3.tgz",
      "integrity": "sha512-aMAo1zOG21SYe3Q/Qvy+641ut8EBhz15jmock7jdQ7oVmk++9KfmGcbi8UbDPfax99lrbD7iA6hLULmZZcbt4w=="
    }
  }
}
